
Microsoft Visual Studio Solution File, Format Version 12.00
# Visual Studio Version 17
VisualStudioVersion = 17.2.32630.192
MinimumVisualStudioVersion = 10.0.40219.1
Project("{FAE04EC0-301F-11D3-BF4B-00C04F79EFBC}") = "deploy_sample", "deploy_sample.csproj", "{3E2EA076-6165-47E0-8E0D-E0D971D08FB2}"
EndProject
Global
	GlobalSection(SolutionConfigurationPlatforms) = preSolution
		Debug|Any CPU = Debug|Any CPU
		Release|Any CPU = Release|Any CPU
	EndGlobalSection
	GlobalSection(ProjectConfigurationPlatforms) = postSolution
		{3E2EA076-6165-47E0-8E0D-E0D971D08FB2}.Debug|Any CPU.ActiveCfg = Debug|Any CPU
		{3E2EA076-6165-47E0-8E0D-E0D971D08FB2}.Debug|Any CPU.Build.0 = Debug|Any CPU
		{3E2EA076-6165-47E0-8E0D-E0D971D08FB2}.Release|Any CPU.ActiveCfg = Release|Any CPU
		{3E2EA076-6165-47E0-8E0D-E0D971D08FB2}.Release|Any CPU.Build.0 = Release|Any CPU
	EndGlobalSection
	GlobalSection(SolutionProperties) = preSolution
		HideSolutionNode = FALSE
	EndGlobalSection
	GlobalSection(ExtensibilityGlobals) = postSolution
		SolutionGuid = {57E4B1C9-DAFE-4B74-8AF9-62421CA614E8}
	EndGlobalSection
EndGlobal
